
Microsoft Visual Studio Solution File, Format Version 10.00
# Visual Studio 2008
Project("{E24C65DC-7377-472B-9ABA-BC803B73C61A}") = "PCC", "..\PCC", "{80C7C894-0271-40F6-8FBE-1B0B09FD4D4F}"
	ProjectSection(WebsiteProperties) = preProject
		TargetFramework = "3.5"
		Debug.AspNetCompiler.VirtualPath = "/PCC"
		Debug.AspNetCompiler.PhysicalPath = "..\..\..\..\PCC\"
		Debug.AspNetCompiler.TargetPath = "PrecompiledWeb\PCC\"
		Debug.AspNetCompiler.Updateable = "true"
		Debug.AspNetCompiler.ForceOverwrite = "true"
		Debug.AspNetCompiler.FixedNames = "false"
		Debug.AspNetCompiler.Debug = "True"
		Release.AspNetCompiler.VirtualPath = "/PCC"
		Release.AspNetCompiler.PhysicalPath = "..\..\..\..\PCC\"
		Release.AspNetCompiler.TargetPath = "PrecompiledWeb\PCC\"
		Release.AspNetCompiler.Updateable = "true"
		Release.AspNetCompiler.ForceOverwrite = "true"
		Release.AspNetCompiler.FixedNames = "false"
		Release.AspNetCompiler.Debug = "False"
		VWDPort = "4791"
	EndProjectSection
EndProject
Global
	GlobalSection(SolutionConfigurationPlatforms) = preSolution
		Debug|.NET = Debug|.NET
	EndGlobalSection
	GlobalSection(ProjectConfigurationPlatforms) = postSolution
		{80C7C894-0271-40F6-8FBE-1B0B09FD4D4F}.Debug|.NET.ActiveCfg = Debug|.NET
		{80C7C894-0271-40F6-8FBE-1B0B09FD4D4F}.Debug|.NET.Build.0 = Debug|.NET
	EndGlobalSection
	GlobalSection(SolutionProperties) = preSolution
		HideSolutionNode = FALSE
	EndGlobalSection
EndGlobal
